
Microsoft Visual Studio Solution File, Format Version 12.00
# Visual Studio Version 17
VisualStudioVersion = 17.9.34728.123
MinimumVisualStudioVersion = 10.0.40219.1
Project("{9A19103F-16F7-4668-BE54-9A1E7A4F7556}") = "Hacker.API", "Hacker.API\Hacker.API.csproj", "{2C08AD44-B9AA-4D5C-998C-80AEBC631CD7}"
EndProject
Project("{9A19103F-16F7-4668-BE54-9A1E7A4F7556}") = "Hacker.Models", "Hacker.Models\Hacker.Models.csproj", "{4C953824-2652-44CB-A716-EA1D81C14FE8}"
EndProject
Project("{9A19103F-16F7-4668-BE54-9A1E7A4F7556}") = "Hacker.Services", "Hacker.Services\Hacker.Services.csproj", "{F535279B-E3AD-45E5-8481-1E21FD3C6E7B}"
EndProject
Project("{FAE04EC0-301F-11D3-BF4B-00C04F79EFBC}") = "Hacker.Tests", "Hacker.Tests\Hacker.Tests.csproj", "{13F02BB0-236E-4DDD-BFD6-7FB573505AD3}"
EndProject
Global
	GlobalSection(SolutionConfigurationPlatforms) = preSolution
		Debug|Any CPU = Debug|Any CPU
		Release|Any CPU = Release|Any CPU
	EndGlobalSection
	GlobalSection(ProjectConfigurationPlatforms) = postSolution
		{2C08AD44-B9AA-4D5C-998C-80AEBC631CD7}.Debug|Any CPU.ActiveCfg = Debug|Any CPU
		{2C08AD44-B9AA-4D5C-998C-80AEBC631CD7}.Debug|Any CPU.Build.0 = Debug|Any CPU
		{2C08AD44-B9AA-4D5C-998C-80AEBC631CD7}.Release|Any CPU.ActiveCfg = Release|Any CPU
		{2C08AD44-B9AA-4D5C-998C-80AEBC631CD7}.Release|Any CPU.Build.0 = Release|Any CPU
		{4C953824-2652-44CB-A716-EA1D81C14FE8}.Debug|Any CPU.ActiveCfg = Debug|Any CPU
		{4C953824-2652-44CB-A716-EA1D81C14FE8}.Debug|Any CPU.Build.0 = Debug|Any CPU
		{4C953824-2652-44CB-A716-EA1D81C14FE8}.Release|Any CPU.ActiveCfg = Release|Any CPU
		{4C953824-2652-44CB-A716-EA1D81C14FE8}.Release|Any CPU.Build.0 = Release|Any CPU
		{F535279B-E3AD-45E5-8481-1E21FD3C6E7B}.Debug|Any CPU.ActiveCfg = Debug|Any CPU
		{F535279B-E3AD-45E5-8481-1E21FD3C6E7B}.Debug|Any CPU.Build.0 = Debug|Any CPU
		{F535279B-E3AD-45E5-8481-1E21FD3C6E7B}.Release|Any CPU.ActiveCfg = Release|Any CPU
		{F535279B-E3AD-45E5-8481-1E21FD3C6E7B}.Release|Any CPU.Build.0 = Release|Any CPU
		{13F02BB0-236E-4DDD-BFD6-7FB573505AD3}.Debug|Any CPU.ActiveCfg = Debug|Any CPU
		{13F02BB0-236E-4DDD-BFD6-7FB573505AD3}.Debug|Any CPU.Build.0 = Debug|Any CPU
		{13F02BB0-236E-4DDD-BFD6-7FB573505AD3}.Release|Any CPU.ActiveCfg = Release|Any CPU
		{13F02BB0-236E-4DDD-BFD6-7FB573505AD3}.Release|Any CPU.Build.0 = Release|Any CPU
	EndGlobalSection
	GlobalSection(SolutionProperties) = preSolution
		HideSolutionNode = FALSE
	EndGlobalSection
	GlobalSection(ExtensibilityGlobals) = postSolution
		SolutionGuid = {0D5CBFEC-F0E2-4CDB-BAFD-8D81AACFE4DD}
	EndGlobalSection
EndGlobal
